
Microsoft Visual Studio Solution File, Format Version 12.00
# Visual Studio Express 2012 for Web
Project("{E24C65DC-7377-472B-9ABA-BC803B73C61A}") = "Döor67", ".", "{9FECD09A-7CCC-45B3-A6F9-6339D0A3489C}"
	ProjectSection(WebsiteProperties) = preProject
		TargetFrameworkMoniker = ".NETFramework,Version%3Dv4.0"
		Debug.AspNetCompiler.VirtualPath = "/Döor67"
		Debug.AspNetCompiler.PhysicalPath = "..\Döor67\"
		Debug.AspNetCompiler.TargetPath = "PrecompiledWeb\Döor67\"
		Debug.AspNetCompiler.Updateable = "true"
		Debug.AspNetCompiler.ForceOverwrite = "true"
		Debug.AspNetCompiler.FixedNames = "false"
		Debug.AspNetCompiler.Debug = "True"
		Release.AspNetCompiler.VirtualPath = "/Döor67"
		Release.AspNetCompiler.PhysicalPath = "..\Döor67\"
		Release.AspNetCompiler.TargetPath = "PrecompiledWeb\Döor67\"
		Release.AspNetCompiler.Updateable = "true"
		Release.AspNetCompiler.ForceOverwrite = "true"
		Release.AspNetCompiler.FixedNames = "false"
		Release.AspNetCompiler.Debug = "False"
		VWDPort = "4502"
	EndProjectSection
EndProject
Global
	GlobalSection(SolutionConfigurationPlatforms) = preSolution
		Debug|Any CPU = Debug|Any CPU
	EndGlobalSection
	GlobalSection(ProjectConfigurationPlatforms) = postSolution
		{9FECD09A-7CCC-45B3-A6F9-6339D0A3489C}.Debug|Any CPU.ActiveCfg = Debug|Any CPU
		{9FECD09A-7CCC-45B3-A6F9-6339D0A3489C}.Debug|Any CPU.Build.0 = Debug|Any CPU
	EndGlobalSection
	GlobalSection(SolutionProperties) = preSolution
		HideSolutionNode = FALSE
	EndGlobalSection
EndGlobal
